
Microsoft Visual Studio Solution File, Format Version 11.00
# Visual Studio 2010
Project("{FAE04EC0-301F-11D3-BF4B-00C04F79EFBC}") = "UnityEngine.TestRunner", "UnityEngine.TestRunner.csproj", "{028C4C3E-81A3-6EDF-60C6-6762619645C7}"
EndProject
Project("{FAE04EC0-301F-11D3-BF4B-00C04F79EFBC}") = "UnityEngine.UI", "UnityEngine.UI.csproj", "{8A3C233C-9433-62F1-2B04-948CD2FE551B}"
EndProject
Project("{FAE04EC0-301F-11D3-BF4B-00C04F79EFBC}") = "Unity.TextMeshPro", "Unity.TextMeshPro.csproj", "{AF6D6490-115F-9899-67DE-F6674BF0A80C}"
EndProject
Project("{FAE04EC0-301F-11D3-BF4B-00C04F79EFBC}") = "Unity.Timeline", "Unity.Timeline.csproj", "{0B23FD41-B888-5200-F0D5-78F4147F40B3}"
EndProject
Project("{FAE04EC0-301F-11D3-BF4B-00C04F79EFBC}") = "Assembly-CSharp", "Assembly-CSharp.csproj", "{245751DF-F2D9-5275-9C7D-D27F84860CBE}"
EndProject
Project("{FAE04EC0-301F-11D3-BF4B-00C04F79EFBC}") = "UnityEditor.TestRunner", "UnityEditor.TestRunner.csproj", "{273DE1DE-34D5-C2E6-F40E-24B3317F5DA1}"
EndProject
Project("{FAE04EC0-301F-11D3-BF4B-00C04F79EFBC}") = "Unity.VisualStudio.Editor", "Unity.VisualStudio.Editor.csproj", "{39E8F4D2-021F-6B2A-D05C-05E5480C0827}"
EndProject
Project("{FAE04EC0-301F-11D3-BF4B-00C04F79EFBC}") = "Unity.TextMeshPro.Editor", "Unity.TextMeshPro.Editor.csproj", "{BB84C479-0319-7057-0567-18E114FBC040}"
EndProject
Project("{FAE04EC0-301F-11D3-BF4B-00C04F79EFBC}") = "Unity.Timeline.Editor", "Unity.Timeline.Editor.csproj", "{F47082A4-CB4D-8F14-E5D6-9ED14E301D23}"
EndProject
Project("{FAE04EC0-301F-11D3-BF4B-00C04F79EFBC}") = "Unity.PlasticSCM.Editor", "Unity.PlasticSCM.Editor.csproj", "{F89D0DC0-A650-22F0-FB72-B23399D7DD05}"
EndProject
Project("{FAE04EC0-301F-11D3-BF4B-00C04F79EFBC}") = "UnityEditor.UI", "UnityEditor.UI.csproj", "{C5C1E17F-4BD1-BF94-50E8-08BB51CB54B8}"
EndProject
Project("{FAE04EC0-301F-11D3-BF4B-00C04F79EFBC}") = "Unity.Rider.Editor", "Unity.Rider.Editor.csproj", "{87C2CB64-1D1F-A473-6D8F-6EB73A46BB14}"
EndProject
Project("{FAE04EC0-301F-11D3-BF4B-00C04F79EFBC}") = "Unity.CollabProxy.Editor", "Unity.CollabProxy.Editor.csproj", "{BE3A951D-E790-F25F-81DA-E77C862B8221}"
EndProject
Project("{FAE04EC0-301F-11D3-BF4B-00C04F79EFBC}") = "Unity.VSCode.Editor", "Unity.VSCode.Editor.csproj", "{8AADB037-8B83-4323-9E46-98A6DE9DD236}"
EndProject
Global
	GlobalSection(SolutionConfigurationPlatforms) = preSolution
		Debug|Any CPU = Debug|Any CPU
		Release|Any CPU = Release|Any CPU
	EndGlobalSection
	GlobalSection(ProjectConfigurationPlatforms) = postSolution
		{028C4C3E-81A3-6EDF-60C6-6762619645C7}.Debug|Any CPU.ActiveCfg = Debug|Any CPU
		{028C4C3E-81A3-6EDF-60C6-6762619645C7}.Debug|Any CPU.Build.0 = Debug|Any CPU
		{028C4C3E-81A3-6EDF-60C6-6762619645C7}.Release|Any CPU.ActiveCfg = Release|Any CPU
		{028C4C3E-81A3-6EDF-60C6-6762619645C7}.Release|Any CPU.Build.0 = Release|Any CPU
		{8A3C233C-9433-62F1-2B04-948CD2FE551B}.Debug|Any CPU.ActiveCfg = Debug|Any CPU
		{8A3C233C-9433-62F1-2B04-948CD2FE551B}.Debug|Any CPU.Build.0 = Debug|Any CPU
		{8A3C233C-9433-62F1-2B04-948CD2FE551B}.Release|Any CPU.ActiveCfg = Release|Any CPU
		{8A3C233C-9433-62F1-2B04-948CD2FE551B}.Release|Any CPU.Build.0 = Release|Any CPU
		{AF6D6490-115F-9899-67DE-F6674BF0A80C}.Debug|Any CPU.ActiveCfg = Debug|Any CPU
		{AF6D6490-115F-9899-67DE-F6674BF0A80C}.Debug|Any CPU.Build.0 = Debug|Any CPU
		{AF6D6490-115F-9899-67DE-F6674BF0A80C}.Release|Any CPU.ActiveCfg = Release|Any CPU
		{AF6D6490-115F-9899-67DE-F6674BF0A80C}.Release|Any CPU.Build.0 = Release|Any CPU
		{0B23FD41-B888-5200-F0D5-78F4147F40B3}.Debug|Any CPU.ActiveCfg = Debug|Any CPU
		{0B23FD41-B888-5200-F0D5-78F4147F40B3}.Debug|Any CPU.Build.0 = Debug|Any CPU
		{0B23FD41-B888-5200-F0D5-78F4147F40B3}.Release|Any CPU.ActiveCfg = Release|Any CPU
		{0B23FD41-B888-5200-F0D5-78F4147F40B3}.Release|Any CPU.Build.0 = Release|Any CPU
		{245751DF-F2D9-5275-9C7D-D27F84860CBE}.Debug|Any CPU.ActiveCfg = Debug|Any CPU
		{245751DF-F2D9-5275-9C7D-D27F84860CBE}.Debug|Any CPU.Build.0 = Debug|Any CPU
		{245751DF-F2D9-5275-9C7D-D27F84860CBE}.Release|Any CPU.ActiveCfg = Release|Any CPU
		{245751DF-F2D9-5275-9C7D-D27F84860CBE}.Release|Any CPU.Build.0 = Release|Any CPU
		{273DE1DE-34D5-C2E6-F40E-24B3317F5DA1}.Debug|Any CPU.ActiveCfg = Debug|Any CPU
		{273DE1DE-34D5-C2E6-F40E-24B3317F5DA1}.Debug|Any CPU.Build.0 = Debug|Any CPU
		{273DE1DE-34D5-C2E6-F40E-24B3317F5DA1}.Release|Any CPU.ActiveCfg = Release|Any CPU
		{273DE1DE-34D5-C2E6-F40E-24B3317F5DA1}.Release|Any CPU.Build.0 = Release|Any CPU
		{39E8F4D2-021F-6B2A-D05C-05E5480C0827}.Debug|Any CPU.ActiveCfg = Debug|Any CPU
		{39E8F4D2-021F-6B2A-D05C-05E5480C0827}.Debug|Any CPU.Build.0 = Debug|Any CPU
		{39E8F4D2-021F-6B2A-D05C-05E5480C0827}.Release|Any CPU.ActiveCfg = Release|Any CPU
		{39E8F4D2-021F-6B2A-D05C-05E5480C0827}.Release|Any CPU.Build.0 = Release|Any CPU
		{BB84C479-0319-7057-0567-18E114FBC040}.Debug|Any CPU.ActiveCfg = Debug|Any CPU
		{BB84C479-0319-7057-0567-18E114FBC040}.Debug|Any CPU.Build.0 = Debug|Any CPU
		{BB84C479-0319-7057-0567-18E114FBC040}.Release|Any CPU.ActiveCfg = Release|Any CPU
		{BB84C479-0319-7057-0567-18E114FBC040}.Release|Any CPU.Build.0 = Release|Any CPU
		{F47082A4-CB4D-8F14-E5D6-9ED14E301D23}.Debug|Any CPU.ActiveCfg = Debug|Any CPU
		{F47082A4-CB4D-8F14-E5D6-9ED14E301D23}.Debug|Any CPU.Build.0 = Debug|Any CPU
		{F47082A4-CB4D-8F14-E5D6-9ED14E301D23}.Release|Any CPU.ActiveCfg = Release|Any CPU
		{F47082A4-CB4D-8F14-E5D6-9ED14E301D23}.Release|Any CPU.Build.0 = Release|Any CPU
		{F89D0DC0-A650-22F0-FB72-B23399D7DD05}.Debug|Any CPU.ActiveCfg = Debug|Any CPU
		{F89D0DC0-A650-22F0-FB72-B23399D7DD05}.Debug|Any CPU.Build.0 = Debug|Any CPU
		{F89D0DC0-A650-22F0-FB72-B23399D7DD05}.Release|Any CPU.ActiveCfg = Release|Any CPU
		{F89D0DC0-A650-22F0-FB72-B23399D7DD05}.Release|Any CPU.Build.0 = Release|Any CPU
		{C5C1E17F-4BD1-BF94-50E8-08BB51CB54B8}.Debug|Any CPU.ActiveCfg = Debug|Any CPU
		{C5C1E17F-4BD1-BF94-50E8-08BB51CB54B8}.Debug|Any CPU.Build.0 = Debug|Any CPU
		{C5C1E17F-4BD1-BF94-50E8-08BB51CB54B8}.Release|Any CPU.ActiveCfg = Release|Any CPU
		{C5C1E17F-4BD1-BF94-50E8-08BB51CB54B8}.Release|Any CPU.Build.0 = Release|Any CPU
		{87C2CB64-1D1F-A473-6D8F-6EB73A46BB14}.Debug|Any CPU.ActiveCfg = Debug|Any CPU
		{87C2CB64-1D1F-A473-6D8F-6EB73A46BB14}.Debug|Any CPU.Build.0 = Debug|Any CPU
		{87C2CB64-1D1F-A473-6D8F-6EB73A46BB14}.Release|Any CPU.ActiveCfg = Release|Any CPU
		{87C2CB64-1D1F-A473-6D8F-6EB73A46BB14}.Release|Any CPU.Build.0 = Release|Any CPU
		{BE3A951D-E790-F25F-81DA-E77C862B8221}.Debug|Any CPU.ActiveCfg = Debug|Any CPU
		{BE3A951D-E790-F25F-81DA-E77C862B8221}.Debug|Any CPU.Build.0 = Debug|Any CPU
		{BE3A951D-E790-F25F-81DA-E77C862B8221}.Release|Any CPU.ActiveCfg = Release|Any CPU
		{BE3A951D-E790-F25F-81DA-E77C862B8221}.Release|Any CPU.Build.0 = Release|Any CPU
		{8AADB037-8B83-4323-9E46-98A6DE9DD236}.Debug|Any CPU.ActiveCfg = Debug|Any CPU
		{8AADB037-8B83-4323-9E46-98A6DE9DD236}.Debug|Any CPU.Build.0 = Debug|Any CPU
		{8AADB037-8B83-4323-9E46-98A6DE9DD236}.Release|Any CPU.ActiveCfg = Release|Any CPU
		{8AADB037-8B83-4323-9E46-98A6DE9DD236}.Release|Any CPU.Build.0 = Release|Any CPU
	EndGlobalSection
	GlobalSection(SolutionProperties) = preSolution
		HideSolutionNode = FALSE
	EndGlobalSection
EndGlobal
