
Microsoft Visual Studio Solution File, Format Version 11.00
# Visual Studio 2010
Project("{FAE04EC0-301F-11D3-BF4B-00C04F79EFBC}") = "UnityEngine.TestRunner", "UnityEngine.TestRunner.csproj", "{DD110556-3CB9-7D8A-55C4-4E4D55945090}"
EndProject
Project("{FAE04EC0-301F-11D3-BF4B-00C04F79EFBC}") = "UnityEngine.UI", "UnityEngine.UI.csproj", "{96FF5B71-344F-C877-462F-C553896F8DE3}"
EndProject
Project("{FAE04EC0-301F-11D3-BF4B-00C04F79EFBC}") = "Unity.TextMeshPro", "Unity.TextMeshPro.csproj", "{89AD587C-EC2D-F073-F8D5-DB004339308A}"
EndProject
Project("{FAE04EC0-301F-11D3-BF4B-00C04F79EFBC}") = "Unity.Timeline", "Unity.Timeline.csproj", "{4776C588-E529-63B3-A1BF-543D14613DBE}"
EndProject
Project("{FAE04EC0-301F-11D3-BF4B-00C04F79EFBC}") = "Assembly-CSharp", "Assembly-CSharp.csproj", "{2658065D-919F-7774-6D60-18DE87776B80}"
EndProject
Project("{FAE04EC0-301F-11D3-BF4B-00C04F79EFBC}") = "UnityEditor.TestRunner", "UnityEditor.TestRunner.csproj", "{464E4A63-3C61-896E-2BB0-CC2580A1066A}"
EndProject
Project("{FAE04EC0-301F-11D3-BF4B-00C04F79EFBC}") = "Unity.VisualStudio.Editor", "Unity.VisualStudio.Editor.csproj", "{37A09FE3-5972-4584-1256-3D259B10DAF7}"
EndProject
Project("{FAE04EC0-301F-11D3-BF4B-00C04F79EFBC}") = "Unity.TextMeshPro.Editor", "Unity.TextMeshPro.Editor.csproj", "{34EA6FA5-08F5-3D2E-F38A-D2D4BFD71F77}"
EndProject
Project("{FAE04EC0-301F-11D3-BF4B-00C04F79EFBC}") = "Unity.Timeline.Editor", "Unity.Timeline.Editor.csproj", "{7598FD6B-BEE6-F74B-0D14-841224D872D1}"
EndProject
Project("{FAE04EC0-301F-11D3-BF4B-00C04F79EFBC}") = "Unity.PlasticSCM.Editor", "Unity.PlasticSCM.Editor.csproj", "{BDEC3E22-6A23-80DA-82BD-3C04B4CE82D0}"
EndProject
Project("{FAE04EC0-301F-11D3-BF4B-00C04F79EFBC}") = "UnityEditor.UI", "UnityEditor.UI.csproj", "{B8596673-6C36-9E8E-97FE-AF8BD12AC18F}"
EndProject
Project("{FAE04EC0-301F-11D3-BF4B-00C04F79EFBC}") = "Unity.Rider.Editor", "Unity.Rider.Editor.csproj", "{1B814A6E-2F97-79A0-A4BA-16D2B6690D18}"
EndProject
Project("{FAE04EC0-301F-11D3-BF4B-00C04F79EFBC}") = "Unity.CollabProxy.Editor", "Unity.CollabProxy.Editor.csproj", "{0F32A243-090E-956F-EEF9-3860042A60BA}"
EndProject
Project("{FAE04EC0-301F-11D3-BF4B-00C04F79EFBC}") = "Unity.VSCode.Editor", "Unity.VSCode.Editor.csproj", "{FC627557-668A-2E14-0D18-4B0D18D13D9E}"
EndProject
Global
	GlobalSection(SolutionConfigurationPlatforms) = preSolution
		Debug|Any CPU = Debug|Any CPU
		Release|Any CPU = Release|Any CPU
	EndGlobalSection
	GlobalSection(ProjectConfigurationPlatforms) = postSolution
		{DD110556-3CB9-7D8A-55C4-4E4D55945090}.Debug|Any CPU.ActiveCfg = Debug|Any CPU
		{DD110556-3CB9-7D8A-55C4-4E4D55945090}.Debug|Any CPU.Build.0 = Debug|Any CPU
		{DD110556-3CB9-7D8A-55C4-4E4D55945090}.Release|Any CPU.ActiveCfg = Release|Any CPU
		{DD110556-3CB9-7D8A-55C4-4E4D55945090}.Release|Any CPU.Build.0 = Release|Any CPU
		{96FF5B71-344F-C877-462F-C553896F8DE3}.Debug|Any CPU.ActiveCfg = Debug|Any CPU
		{96FF5B71-344F-C877-462F-C553896F8DE3}.Debug|Any CPU.Build.0 = Debug|Any CPU
		{96FF5B71-344F-C877-462F-C553896F8DE3}.Release|Any CPU.ActiveCfg = Release|Any CPU
		{96FF5B71-344F-C877-462F-C553896F8DE3}.Release|Any CPU.Build.0 = Release|Any CPU
		{89AD587C-EC2D-F073-F8D5-DB004339308A}.Debug|Any CPU.ActiveCfg = Debug|Any CPU
		{89AD587C-EC2D-F073-F8D5-DB004339308A}.Debug|Any CPU.Build.0 = Debug|Any CPU
		{89AD587C-EC2D-F073-F8D5-DB004339308A}.Release|Any CPU.ActiveCfg = Release|Any CPU
		{89AD587C-EC2D-F073-F8D5-DB004339308A}.Release|Any CPU.Build.0 = Release|Any CPU
		{4776C588-E529-63B3-A1BF-543D14613DBE}.Debug|Any CPU.ActiveCfg = Debug|Any CPU
		{4776C588-E529-63B3-A1BF-543D14613DBE}.Debug|Any CPU.Build.0 = Debug|Any CPU
		{4776C588-E529-63B3-A1BF-543D14613DBE}.Release|Any CPU.ActiveCfg = Release|Any CPU
		{4776C588-E529-63B3-A1BF-543D14613DBE}.Release|Any CPU.Build.0 = Release|Any CPU
		{2658065D-919F-7774-6D60-18DE87776B80}.Debug|Any CPU.ActiveCfg = Debug|Any CPU
		{2658065D-919F-7774-6D60-18DE87776B80}.Debug|Any CPU.Build.0 = Debug|Any CPU
		{2658065D-919F-7774-6D60-18DE87776B80}.Release|Any CPU.ActiveCfg = Release|Any CPU
		{2658065D-919F-7774-6D60-18DE87776B80}.Release|Any CPU.Build.0 = Release|Any CPU
		{464E4A63-3C61-896E-2BB0-CC2580A1066A}.Debug|Any CPU.ActiveCfg = Debug|Any CPU
		{464E4A63-3C61-896E-2BB0-CC2580A1066A}.Debug|Any CPU.Build.0 = Debug|Any CPU
		{464E4A63-3C61-896E-2BB0-CC2580A1066A}.Release|Any CPU.ActiveCfg = Release|Any CPU
		{464E4A63-3C61-896E-2BB0-CC2580A1066A}.Release|Any CPU.Build.0 = Release|Any CPU
		{37A09FE3-5972-4584-1256-3D259B10DAF7}.Debug|Any CPU.ActiveCfg = Debug|Any CPU
		{37A09FE3-5972-4584-1256-3D259B10DAF7}.Debug|Any CPU.Build.0 = Debug|Any CPU
		{37A09FE3-5972-4584-1256-3D259B10DAF7}.Release|Any CPU.ActiveCfg = Release|Any CPU
		{37A09FE3-5972-4584-1256-3D259B10DAF7}.Release|Any CPU.Build.0 = Release|Any CPU
		{34EA6FA5-08F5-3D2E-F38A-D2D4BFD71F77}.Debug|Any CPU.ActiveCfg = Debug|Any CPU
		{34EA6FA5-08F5-3D2E-F38A-D2D4BFD71F77}.Debug|Any CPU.Build.0 = Debug|Any CPU
		{34EA6FA5-08F5-3D2E-F38A-D2D4BFD71F77}.Release|Any CPU.ActiveCfg = Release|Any CPU
		{34EA6FA5-08F5-3D2E-F38A-D2D4BFD71F77}.Release|Any CPU.Build.0 = Release|Any CPU
		{7598FD6B-BEE6-F74B-0D14-841224D872D1}.Debug|Any CPU.ActiveCfg = Debug|Any CPU
		{7598FD6B-BEE6-F74B-0D14-841224D872D1}.Debug|Any CPU.Build.0 = Debug|Any CPU
		{7598FD6B-BEE6-F74B-0D14-841224D872D1}.Release|Any CPU.ActiveCfg = Release|Any CPU
		{7598FD6B-BEE6-F74B-0D14-841224D872D1}.Release|Any CPU.Build.0 = Release|Any CPU
		{BDEC3E22-6A23-80DA-82BD-3C04B4CE82D0}.Debug|Any CPU.ActiveCfg = Debug|Any CPU
		{BDEC3E22-6A23-80DA-82BD-3C04B4CE82D0}.Debug|Any CPU.Build.0 = Debug|Any CPU
		{BDEC3E22-6A23-80DA-82BD-3C04B4CE82D0}.Release|Any CPU.ActiveCfg = Release|Any CPU
		{BDEC3E22-6A23-80DA-82BD-3C04B4CE82D0}.Release|Any CPU.Build.0 = Release|Any CPU
		{B8596673-6C36-9E8E-97FE-AF8BD12AC18F}.Debug|Any CPU.ActiveCfg = Debug|Any CPU
		{B8596673-6C36-9E8E-97FE-AF8BD12AC18F}.Debug|Any CPU.Build.0 = Debug|Any CPU
		{B8596673-6C36-9E8E-97FE-AF8BD12AC18F}.Release|Any CPU.ActiveCfg = Release|Any CPU
		{B8596673-6C36-9E8E-97FE-AF8BD12AC18F}.Release|Any CPU.Build.0 = Release|Any CPU
		{1B814A6E-2F97-79A0-A4BA-16D2B6690D18}.Debug|Any CPU.ActiveCfg = Debug|Any CPU
		{1B814A6E-2F97-79A0-A4BA-16D2B6690D18}.Debug|Any CPU.Build.0 = Debug|Any CPU
		{1B814A6E-2F97-79A0-A4BA-16D2B6690D18}.Release|Any CPU.ActiveCfg = Release|Any CPU
		{1B814A6E-2F97-79A0-A4BA-16D2B6690D18}.Release|Any CPU.Build.0 = Release|Any CPU
		{0F32A243-090E-956F-EEF9-3860042A60BA}.Debug|Any CPU.ActiveCfg = Debug|Any CPU
		{0F32A243-090E-956F-EEF9-3860042A60BA}.Debug|Any CPU.Build.0 = Debug|Any CPU
		{0F32A243-090E-956F-EEF9-3860042A60BA}.Release|Any CPU.ActiveCfg = Release|Any CPU
		{0F32A243-090E-956F-EEF9-3860042A60BA}.Release|Any CPU.Build.0 = Release|Any CPU
		{FC627557-668A-2E14-0D18-4B0D18D13D9E}.Debug|Any CPU.ActiveCfg = Debug|Any CPU
		{FC627557-668A-2E14-0D18-4B0D18D13D9E}.Debug|Any CPU.Build.0 = Debug|Any CPU
		{FC627557-668A-2E14-0D18-4B0D18D13D9E}.Release|Any CPU.ActiveCfg = Release|Any CPU
		{FC627557-668A-2E14-0D18-4B0D18D13D9E}.Release|Any CPU.Build.0 = Release|Any CPU
	EndGlobalSection
	GlobalSection(SolutionProperties) = preSolution
		HideSolutionNode = FALSE
	EndGlobalSection
EndGlobal
